
Microsoft Visual Studio Solution File, Format Version 12.00
# Visual Studio Version 16
VisualStudioVersion = 16.0.34301.259
MinimumVisualStudioVersion = 10.0.40219.1
Project("{FAE04EC0-301F-11D3-BF4B-00C04F79EFBC}") = "InterviewManagement", "InterviewManagement\InterviewManagement.csproj", "{9404E6CB-8D07-4C4C-B352-43430C404142}"
EndProject
Global
	GlobalSection(SolutionConfigurationPlatforms) = preSolution
		Debug|Any CPU = Debug|Any CPU
		Release|Any CPU = Release|Any CPU
	EndGlobalSection
	GlobalSection(ProjectConfigurationPlatforms) = postSolution
		{9404E6CB-8D07-4C4C-B352-43430C404142}.Debug|Any CPU.ActiveCfg = Debug|Any CPU
		{9404E6CB-8D07-4C4C-B352-43430C404142}.Debug|Any CPU.Build.0 = Debug|Any CPU
		{9404E6CB-8D07-4C4C-B352-43430C404142}.Release|Any CPU.ActiveCfg = Release|Any CPU
		{9404E6CB-8D07-4C4C-B352-43430C404142}.Release|Any CPU.Build.0 = Release|Any CPU
	EndGlobalSection
	GlobalSection(SolutionProperties) = preSolution
		HideSolutionNode = FALSE
	EndGlobalSection
	GlobalSection(ExtensibilityGlobals) = postSolution
		SolutionGuid = {428112C5-3EF9-4E80-8EE6-B4D3B497C846}
	EndGlobalSection
EndGlobal
