
Microsoft Visual Studio Solution File, Format Version 12.00
# Visual Studio 15
VisualStudioVersion = 15.0.35026.233
MinimumVisualStudioVersion = 10.0.40219.1
Project("{FAE04EC0-301F-11D3-BF4B-00C04F79EFBC}") = "CRUDStoredProcedure", "CRUDStoredProcedure\CRUDStoredProcedure.csproj", "{6EA13A32-6BDB-43C7-8F00-4432F64D3026}"
EndProject
Global
	GlobalSection(SolutionConfigurationPlatforms) = preSolution
		Debug|Any CPU = Debug|Any CPU
		Release|Any CPU = Release|Any CPU
	EndGlobalSection
	GlobalSection(ProjectConfigurationPlatforms) = postSolution
		{6EA13A32-6BDB-43C7-8F00-4432F64D3026}.Debug|Any CPU.ActiveCfg = Debug|Any CPU
		{6EA13A32-6BDB-43C7-8F00-4432F64D3026}.Debug|Any CPU.Build.0 = Debug|Any CPU
		{6EA13A32-6BDB-43C7-8F00-4432F64D3026}.Release|Any CPU.ActiveCfg = Release|Any CPU
		{6EA13A32-6BDB-43C7-8F00-4432F64D3026}.Release|Any CPU.Build.0 = Release|Any CPU
	EndGlobalSection
	GlobalSection(SolutionProperties) = preSolution
		HideSolutionNode = FALSE
	EndGlobalSection
	GlobalSection(ExtensibilityGlobals) = postSolution
		SolutionGuid = {F78A2A63-5B8F-441D-9FE6-AC7EE7D4036A}
	EndGlobalSection
EndGlobal
