
Microsoft Visual Studio Solution File, Format Version 12.00
# Visual Studio 15
VisualStudioVersion = 15.0.35026.233
MinimumVisualStudioVersion = 10.0.40219.1
Project("{FAE04EC0-301F-11D3-BF4B-00C04F79EFBC}") = "MvcCrudApplication", "MvcCrudApplication\MvcCrudApplication.csproj", "{BD936996-0137-4C94-9883-7EB1A32DB33E}"
EndProject
Global
	GlobalSection(SolutionConfigurationPlatforms) = preSolution
		Debug|Any CPU = Debug|Any CPU
		Release|Any CPU = Release|Any CPU
	EndGlobalSection
	GlobalSection(ProjectConfigurationPlatforms) = postSolution
		{BD936996-0137-4C94-9883-7EB1A32DB33E}.Debug|Any CPU.ActiveCfg = Debug|Any CPU
		{BD936996-0137-4C94-9883-7EB1A32DB33E}.Debug|Any CPU.Build.0 = Debug|Any CPU
		{BD936996-0137-4C94-9883-7EB1A32DB33E}.Release|Any CPU.ActiveCfg = Release|Any CPU
		{BD936996-0137-4C94-9883-7EB1A32DB33E}.Release|Any CPU.Build.0 = Release|Any CPU
	EndGlobalSection
	GlobalSection(SolutionProperties) = preSolution
		HideSolutionNode = FALSE
	EndGlobalSection
	GlobalSection(ExtensibilityGlobals) = postSolution
		SolutionGuid = {62EBC4F8-FCFF-49AE-A69D-0CB01141EC3E}
	EndGlobalSection
EndGlobal
