
Microsoft Visual Studio Solution File, Format Version 12.00
# Visual Studio 15
VisualStudioVersion = 15.0.35026.233
MinimumVisualStudioVersion = 10.0.40219.1
Project("{FAE04EC0-301F-11D3-BF4B-00C04F79EFBC}") = "Mayankasp.net", "Mayankasp.net\Mayankasp.net.csproj", "{7DBD1D95-1B60-4D5B-8E58-07C8AFABA908}"
EndProject
Global
	GlobalSection(SolutionConfigurationPlatforms) = preSolution
		Debug|Any CPU = Debug|Any CPU
		Release|Any CPU = Release|Any CPU
	EndGlobalSection
	GlobalSection(ProjectConfigurationPlatforms) = postSolution
		{7DBD1D95-1B60-4D5B-8E58-07C8AFABA908}.Debug|Any CPU.ActiveCfg = Debug|Any CPU
		{7DBD1D95-1B60-4D5B-8E58-07C8AFABA908}.Debug|Any CPU.Build.0 = Debug|Any CPU
		{7DBD1D95-1B60-4D5B-8E58-07C8AFABA908}.Release|Any CPU.ActiveCfg = Release|Any CPU
		{7DBD1D95-1B60-4D5B-8E58-07C8AFABA908}.Release|Any CPU.Build.0 = Release|Any CPU
	EndGlobalSection
	GlobalSection(SolutionProperties) = preSolution
		HideSolutionNode = FALSE
	EndGlobalSection
	GlobalSection(ExtensibilityGlobals) = postSolution
		SolutionGuid = {D7495446-F2BD-44CF-BF0B-615D3762402A}
	EndGlobalSection
EndGlobal
