
Microsoft Visual Studio Solution File, Format Version 12.00
# Visual Studio 15
VisualStudioVersion = 15.0.35026.233
MinimumVisualStudioVersion = 10.0.40219.1
Project("{FAE04EC0-301F-11D3-BF4B-00C04F79EFBC}") = "MvcfirstApplication1", "MvcfirstApplication1\MvcfirstApplication1.csproj", "{62A2B5B5-868F-4831-B4F4-D121ECB37563}"
EndProject
Global
	GlobalSection(SolutionConfigurationPlatforms) = preSolution
		Debug|Any CPU = Debug|Any CPU
		Release|Any CPU = Release|Any CPU
	EndGlobalSection
	GlobalSection(ProjectConfigurationPlatforms) = postSolution
		{62A2B5B5-868F-4831-B4F4-D121ECB37563}.Debug|Any CPU.ActiveCfg = Debug|Any CPU
		{62A2B5B5-868F-4831-B4F4-D121ECB37563}.Debug|Any CPU.Build.0 = Debug|Any CPU
		{62A2B5B5-868F-4831-B4F4-D121ECB37563}.Release|Any CPU.ActiveCfg = Release|Any CPU
		{62A2B5B5-868F-4831-B4F4-D121ECB37563}.Release|Any CPU.Build.0 = Release|Any CPU
	EndGlobalSection
	GlobalSection(SolutionProperties) = preSolution
		HideSolutionNode = FALSE
	EndGlobalSection
	GlobalSection(ExtensibilityGlobals) = postSolution
		SolutionGuid = {0F6B7F2F-A2C8-4B91-B5AD-15380B98B817}
	EndGlobalSection
EndGlobal
